// !$*UTF8*$!
{
	archiveVersion = 1;
	classes = {
	};
	objectVersion = 50;
	objects = {

/* Begin PBXBuildFile section */
		F72FCC1023C93DAC00DB4F68 /* CardCollectionViewCell.swift in Sources */ = {isa = PBXBuildFile; fileRef = F72FCC0F23C93DAC00DB4F68 /* CardCollectionViewCell.swift */; };
		F72FCC1323C94F4F00DB4F68 /* Card.swift in Sources */ = {isa = PBXBuildFile; fileRef = F72FCC1223C94F4F00DB4F68 /* Card.swift */; };
		F72FCC1523C94F5900DB4F68 /* CardManager.swift in Sources */ = {isa = PBXBuildFile; fileRef = F72FCC1423C94F5900DB4F68 /* CardManager.swift */; };
		F72FCC1723C9584C00DB4F68 /* ProductResponse.swift in Sources */ = {isa = PBXBuildFile; fileRef = F72FCC1623C9584C00DB4F68 /* ProductResponse.swift */; };
		F7F4BD2723D143DC0005648A /* TimerManager.swift in Sources */ = {isa = PBXBuildFile; fileRef = F7F4BD2623D143DC0005648A /* TimerManager.swift */; };
		F7FB427123C847E4006714EB /* AppDelegate.swift in Sources */ = {isa = PBXBuildFile; fileRef = F7FB427023C847E4006714EB /* AppDelegate.swift */; };
		F7FB427323C847E4006714EB /* SceneDelegate.swift in Sources */ = {isa = PBXBuildFile; fileRef = F7FB427223C847E4006714EB /* SceneDelegate.swift */; };
		F7FB427523C847E4006714EB /* MainScreenViewController.swift in Sources */ = {isa = PBXBuildFile; fileRef = F7FB427423C847E4006714EB /* MainScreenViewController.swift */; };
		F7FB427823C847E4006714EB /* Main.storyboard in Resources */ = {isa = PBXBuildFile; fileRef = F7FB427623C847E4006714EB /* Main.storyboard */; };
		F7FB427A23C847E5006714EB /* Assets.xcassets in Resources */ = {isa = PBXBuildFile; fileRef = F7FB427923C847E5006714EB /* Assets.xcassets */; };
		F7FB427D23C847E5006714EB /* LaunchScreen.storyboard in Resources */ = {isa = PBXBuildFile; fileRef = F7FB427B23C847E5006714EB /* LaunchScreen.storyboard */; };
		F7FB428723C84AD4006714EB /* GameScreenViewController.swift in Sources */ = {isa = PBXBuildFile; fileRef = F7FB428623C84AD4006714EB /* GameScreenViewController.swift */; };
/* End PBXBuildFile section */

/* Begin PBXFileReference section */
		F72FCC0F23C93DAC00DB4F68 /* CardCollectionViewCell.swift */ = {isa = PBXFileReference; lastKnownFileType = sourcecode.swift; path = CardCollectionViewCell.swift; sourceTree = "<group>"; };
		F72FCC1223C94F4F00DB4F68 /* Card.swift */ = {isa = PBXFileReference; lastKnownFileType = sourcecode.swift; path = Card.swift; sourceTree = "<group>"; };
		F72FCC1423C94F5900DB4F68 /* CardManager.swift */ = {isa = PBXFileReference; lastKnownFileType = sourcecode.swift; path = CardManager.swift; sourceTree = "<group>"; };
		F72FCC1623C9584C00DB4F68 /* ProductResponse.swift */ = {isa = PBXFileReference; lastKnownFileType = sourcecode.swift; path = ProductResponse.swift; sourceTree = "<group>"; };
		F7F4BD2623D143DC0005648A /* TimerManager.swift */ = {isa = PBXFileReference; lastKnownFileType = sourcecode.swift; path = TimerManager.swift; sourceTree = "<group>"; };
		F7FB426D23C847E4006714EB /* Match Mission.app */ = {isa = PBXFileReference; explicitFileType = wrapper.application; includeInIndex = 0; path = "Match Mission.app"; sourceTree = BUILT_PRODUCTS_DIR; };
		F7FB427023C847E4006714EB /* AppDelegate.swift */ = {isa = PBXFileReference; lastKnownFileType = sourcecode.swift; path = AppDelegate.swift; sourceTree = "<group>"; };
		F7FB427223C847E4006714EB /* SceneDelegate.swift */ = {isa = PBXFileReference; lastKnownFileType = sourcecode.swift; path = SceneDelegate.swift; sourceTree = "<group>"; };
		F7FB427423C847E4006714EB /* MainScreenViewController.swift */ = {isa = PBXFileReference; lastKnownFileType = sourcecode.swift; path = MainScreenViewController.swift; sourceTree = "<group>"; };
		F7FB427723C847E4006714EB /* Base */ = {isa = PBXFileReference; lastKnownFileType = file.storyboard; name = Base; path = Base.lproj/Main.storyboard; sourceTree = "<group>"; };
		F7FB427923C847E5006714EB /* Assets.xcassets */ = {isa = PBXFileReference; lastKnownFileType = folder.assetcatalog; path = Assets.xcassets; sourceTree = "<group>"; };
		F7FB427C23C847E5006714EB /* Base */ = {isa = PBXFileReference; lastKnownFileType = file.storyboard; name = Base; path = Base.lproj/LaunchScreen.storyboard; sourceTree = "<group>"; };
		F7FB427E23C847E5006714EB /* Info.plist */ = {isa = PBXFileReference; lastKnownFileType = text.plist.xml; path = Info.plist; sourceTree = "<group>"; };
		F7FB428623C84AD4006714EB /* GameScreenViewController.swift */ = {isa = PBXFileReference; lastKnownFileType = sourcecode.swift; path = GameScreenViewController.swift; sourceTree = "<group>"; };
/* End PBXFileReference section */

/* Begin PBXFrameworksBuildPhase section */
		F7FB426A23C847E4006714EB /* Frameworks */ = {
			isa = PBXFrameworksBuildPhase;
			buildActionMask = 2147483647;
			files = (
			);
			runOnlyForDeploymentPostprocessing = 0;
		};
/* End PBXFrameworksBuildPhase section */

/* Begin PBXGroup section */
		F72FCC1123C94EF700DB4F68 /* Model */ = {
			isa = PBXGroup;
			children = (
				F72FCC1223C94F4F00DB4F68 /* Card.swift */,
				F72FCC1623C9584C00DB4F68 /* ProductResponse.swift */,
				F72FCC1423C94F5900DB4F68 /* CardManager.swift */,
				F7F4BD2623D143DC0005648A /* TimerManager.swift */,
			);
			path = Model;
			sourceTree = "<group>";
		};
		F7FB426423C847E4006714EB = {
			isa = PBXGroup;
			children = (
				F7FB426F23C847E4006714EB /* MatchMission */,
				F7FB426E23C847E4006714EB /* Products */,
			);
			sourceTree = "<group>";
		};
		F7FB426E23C847E4006714EB /* Products */ = {
			isa = PBXGroup;
			children = (
				F7FB426D23C847E4006714EB /* Match Mission.app */,
			);
			name = Products;
			sourceTree = "<group>";
		};
		F7FB426F23C847E4006714EB /* MatchMission */ = {
			isa = PBXGroup;
			children = (
				F7FB427023C847E4006714EB /* AppDelegate.swift */,
				F7FB427223C847E4006714EB /* SceneDelegate.swift */,
				F72FCC1123C94EF700DB4F68 /* Model */,
				F7FB428523C8485D006714EB /* View */,
				F7FB428423C84858006714EB /* Controller */,
				F7FB427923C847E5006714EB /* Assets.xcassets */,
				F7FB427B23C847E5006714EB /* LaunchScreen.storyboard */,
				F7FB427E23C847E5006714EB /* Info.plist */,
			);
			path = MatchMission;
			sourceTree = "<group>";
		};
		F7FB428423C84858006714EB /* Controller */ = {
			isa = PBXGroup;
			children = (
				F7FB427423C847E4006714EB /* MainScreenViewController.swift */,
				F7FB428623C84AD4006714EB /* GameScreenViewController.swift */,
			);
			path = Controller;
			sourceTree = "<group>";
		};
		F7FB428523C8485D006714EB /* View */ = {
			isa = PBXGroup;
			children = (
				F7FB427623C847E4006714EB /* Main.storyboard */,
				F72FCC0F23C93DAC00DB4F68 /* CardCollectionViewCell.swift */,
			);
			path = View;
			sourceTree = "<group>";
		};
/* End PBXGroup section */

/* Begin PBXNativeTarget section */
		F7FB426C23C847E4006714EB /* MemoryMatch */ = {
			isa = PBXNativeTarget;
			buildConfigurationList = F7FB428123C847E5006714EB /* Build configuration list for PBXNativeTarget "MemoryMatch" */;
			buildPhases = (
				F7FB426923C847E4006714EB /* Sources */,
				F7FB426A23C847E4006714EB /* Frameworks */,
				F7FB426B23C847E4006714EB /* Resources */,
			);
			buildRules = (
			);
			dependencies = (
			);
			name = MemoryMatch;
			productName = MemoryMatch;
			productReference = F7FB426D23C847E4006714EB /* Match Mission.app */;
			productType = "com.apple.product-type.application";
		};
/* End PBXNativeTarget section */

/* Begin PBXProject section */
		F7FB426523C847E4006714EB /* Project object */ = {
			isa = PBXProject;
			attributes = {
				LastSwiftUpdateCheck = 1130;
				LastUpgradeCheck = 1130;
				ORGANIZATIONNAME = "Janice Lee";
				TargetAttributes = {
					F7FB426C23C847E4006714EB = {
						CreatedOnToolsVersion = 11.3;
					};
				};
			};
			buildConfigurationList = F7FB426823C847E4006714EB /* Build configuration list for PBXProject "MatchMission" */;
			compatibilityVersion = "Xcode 9.3";
			developmentRegion = en;
			hasScannedForEncodings = 0;
			knownRegions = (
				en,
				Base,
			);
			mainGroup = F7FB426423C847E4006714EB;
			productRefGroup = F7FB426E23C847E4006714EB /* Products */;
			projectDirPath = "";
			projectRoot = "";
			targets = (
				F7FB426C23C847E4006714EB /* MemoryMatch */,
			);
		};
/* End PBXProject section */

/* Begin PBXResourcesBuildPhase section */
		F7FB426B23C847E4006714EB /* Resources */ = {
			isa = PBXResourcesBuildPhase;
			buildActionMask = 2147483647;
			files = (
				F7FB427D23C847E5006714EB /* LaunchScreen.storyboard in Resources */,
				F7FB427A23C847E5006714EB /* Assets.xcassets in Resources */,
				F7FB427823C847E4006714EB /* Main.storyboard in Resources */,
			);
			runOnlyForDeploymentPostprocessing = 0;
		};
/* End PBXResourcesBuildPhase section */

/* Begin PBXSourcesBuildPhase section */
		F7FB426923C847E4006714EB /* Sources */ = {
			isa = PBXSourcesBuildPhase;
			buildActionMask = 2147483647;
			files = (
				F7FB427523C847E4006714EB /* MainScreenViewController.swift in Sources */,
				F72FCC1323C94F4F00DB4F68 /* Card.swift in Sources */,
				F72FCC1723C9584C00DB4F68 /* ProductResponse.swift in Sources */,
				F7FB427123C847E4006714EB /* AppDelegate.swift in Sources */,
				F72FCC1523C94F5900DB4F68 /* CardManager.swift in Sources */,
				F7FB428723C84AD4006714EB /* GameScreenViewController.swift in Sources */,
				F7F4BD2723D143DC0005648A /* TimerManager.swift in Sources */,
				F72FCC1023C93DAC00DB4F68 /* CardCollectionViewCell.swift in Sources */,
				F7FB427323C847E4006714EB /* SceneDelegate.swift in Sources */,
			);
			runOnlyForDeploymentPostprocessing = 0;
		};
/* End PBXSourcesBuildPhase section */

/* Begin PBXVariantGroup section */
		F7FB427623C847E4006714EB /* Main.storyboard */ = {
			isa = PBXVariantGroup;
			children = (
				F7FB427723C847E4006714EB /* Base */,
			);
			name = Main.storyboard;
			sourceTree = "<group>";
		};
		F7FB427B23C847E5006714EB /* LaunchScreen.storyboard */ = {
			isa = PBXVariantGroup;
			children = (
				F7FB427C23C847E5006714EB /* Base */,
			);
			name = LaunchScreen.storyboard;
			sourceTree = "<group>";
		};
/* End PBXVariantGroup section */

/* Begin XCBuildConfiguration section */
		F7FB427F23C847E5006714EB /* Debug */ = {
			isa = XCBuildConfiguration;
			buildSettings = {
				ALWAYS_SEARCH_USER_PATHS = NO;
				CLANG_ANALYZER_NONNULL = YES;
				CLANG_ANALYZER_NUMBER_OBJECT_CONVERSION = YES_AGGRESSIVE;
				CLANG_CXX_LANGUAGE_STANDARD = "gnu++14";
				CLANG_CXX_LIBRARY = "libc++";
				CLANG_ENABLE_MODULES = YES;
				CLANG_ENABLE_OBJC_ARC = YES;
				CLANG_ENABLE_OBJC_WEAK = YES;
				CLANG_WARN_BLOCK_CAPTURE_AUTORELEASING = YES;
				CLANG_WARN_BOOL_CONVERSION = YES;
				CLANG_WARN_COMMA = YES;
				CLANG_WARN_CONSTANT_CONVERSION = YES;
				CLANG_WARN_DEPRECATED_OBJC_IMPLEMENTATIONS = YES;
				CLANG_WARN_DIRECT_OBJC_ISA_USAGE = YES_ERROR;
				CLANG_WARN_DOCUMENTATION_COMMENTS = YES;
				CLANG_WARN_EMPTY_BODY = YES;
				CLANG_WARN_ENUM_CONVERSION = YES;
				CLANG_WARN_INFINITE_RECURSION = YES;
				CLANG_WARN_INT_CONVERSION = YES;
				CLANG_WARN_NON_LITERAL_NULL_CONVERSION = YES;
				CLANG_WARN_OBJC_IMPLICIT_RETAIN_SELF = YES;
				CLANG_WARN_OBJC_LITERAL_CONVERSION = YES;
				CLANG_WARN_OBJC_ROOT_CLASS = YES_ERROR;
				CLANG_WARN_RANGE_LOOP_ANALYSIS = YES;
				CLANG_WARN_STRICT_PROTOTYPES = YES;
				CLANG_WARN_SUSPICIOUS_MOVE = YES;
				CLANG_WARN_UNGUARDED_AVAILABILITY = YES_AGGRESSIVE;
				CLANG_WARN_UNREACHABLE_CODE = YES;
				CLANG_WARN__DUPLICATE_METHOD_MATCH = YES;
				COPY_PHASE_STRIP = NO;
				DEBUG_INFORMATION_FORMAT = dwarf;
				ENABLE_STRICT_OBJC_MSGSEND = YES;
				ENABLE_TESTABILITY = YES;
				GCC_C_LANGUAGE_STANDARD = gnu11;
				GCC_DYNAMIC_NO_PIC = NO;
				GCC_NO_COMMON_BLOCKS = YES;
				GCC_OPTIMIZATION_LEVEL = 0;
				GCC_PREPROCESSOR_DEFINITIONS = (
					"DEBUG=1",
					"$(inherited)",
				);
				GCC_WARN_64_TO_32_BIT_CONVERSION = YES;
				GCC_WARN_ABOUT_RETURN_TYPE = YES_ERROR;
				GCC_WARN_UNDECLARED_SELECTOR = YES;
				GCC_WARN_UNINITIALIZED_AUTOS = YES_AGGRESSIVE;
				GCC_WARN_UNUSED_FUNCTION = YES;
				GCC_WARN_UNUSED_VARIABLE = YES;
				IPHONEOS_DEPLOYMENT_TARGET = 13.2;
				MTL_ENABLE_DEBUG_INFO = INCLUDE_SOURCE;
				MTL_FAST_MATH = YES;
				ONLY_ACTIVE_ARCH = YES;
				SDKROOT = iphoneos;
				SWIFT_ACTIVE_COMPILATION_CONDITIONS = DEBUG;
				SWIFT_OPTIMIZATION_LEVEL = "-Onone";
			};
			name = Debug;
		};
		F7FB428023C847E5006714EB /* Release */ = {
			isa = XCBuildConfiguration;
			buildSettings = {
				ALWAYS_SEARCH_USER_PATHS = NO;
				CLANG_ANALYZER_NONNULL = YES;
				CLANG_ANALYZER_NUMBER_OBJECT_CONVERSION = YES_AGGRESSIVE;
				CLANG_CXX_LANGUAGE_STANDARD = "gnu++14";
				CLANG_CXX_LIBRARY = "libc++";
				CLANG_ENABLE_MODULES = YES;
				CLANG_ENABLE_OBJC_ARC = YES;
				CLANG_ENABLE_OBJC_WEAK = YES;
				CLANG_WARN_BLOCK_CAPTURE_AUTORELEASING = YES;
				CLANG_WARN_BOOL_CONVERSION = YES;
				CLANG_WARN_COMMA = YES;
				CLANG_WARN_CONSTANT_CONVERSION = YES;
				CLANG_WARN_DEPRECATED_OBJC_IMPLEMENTATIONS = YES;
				CLANG_WARN_DIRECT_OBJC_ISA_USAGE = YES_ERROR;
				CLANG_WARN_DOCUMENTATION_COMMENTS = YES;
				CLANG_WARN_EMPTY_BODY = YES;
				CLANG_WARN_ENUM_CONVERSION = YES;
				CLANG_WARN_INFINITE_RECURSION = YES;
				CLANG_WARN_INT_CONVERSION = YES;
				CLANG_WARN_NON_LITERAL_NULL_CONVERSION = YES;
				CLANG_WARN_OBJC_IMPLICIT_RETAIN_SELF = YES;
				CLANG_WARN_OBJC_LITERAL_CONVERSION = YES;
				CLANG_WARN_OBJC_ROOT_CLASS = YES_ERROR;
				CLANG_WARN_RANGE_LOOP_ANALYSIS = YES;
				CLANG_WARN_STRICT_PROTOTYPES = YES;
				CLANG_WARN_SUSPICIOUS_MOVE = YES;
				CLANG_WARN_UNGUARDED_AVAILABILITY = YES_AGGRESSIVE;
				CLANG_WARN_UNREACHABLE_CODE = YES;
				CLANG_WARN__DUPLICATE_METHOD_MATCH = YES;
				COPY_PHASE_STRIP = NO;
				DEBUG_INFORMATION_FORMAT = "dwarf-with-dsym";
				ENABLE_NS_ASSERTIONS = NO;
				ENABLE_STRICT_OBJC_MSGSEND = YES;
				GCC_C_LANGUAGE_STANDARD = gnu11;
				GCC_NO_COMMON_BLOCKS = YES;
				GCC_WARN_64_TO_32_BIT_CONVERSION = YES;
				GCC_WARN_ABOUT_RETURN_TYPE = YES_ERROR;
				GCC_WARN_UNDECLARED_SELECTOR = YES;
				GCC_WARN_UNINITIALIZED_AUTOS = YES_AGGRESSIVE;
				GCC_WARN_UNUSED_FUNCTION = YES;
				GCC_WARN_UNUSED_VARIABLE = YES;
				IPHONEOS_DEPLOYMENT_TARGET = 13.2;
				MTL_ENABLE_DEBUG_INFO = NO;
				MTL_FAST_MATH = YES;
				SDKROOT = iphoneos;
				SWIFT_COMPILATION_MODE = wholemodule;
				SWIFT_OPTIMIZATION_LEVEL = "-O";
				VALIDATE_PRODUCT = YES;
			};
			name = Release;
		};
		F7FB428223C847E5006714EB /* Debug */ = {
			isa = XCBuildConfiguration;
			buildSettings = {
				ASSETCATALOG_COMPILER_APPICON_NAME = AppIcon;
				CODE_SIGN_STYLE = Automatic;
				DEVELOPMENT_TEAM = SA29F4NK83;
				INFOPLIST_FILE = MatchMission/Info.plist;
				LD_RUNPATH_SEARCH_PATHS = (
					"$(inherited)",
					"@executable_path/Frameworks",
				);
				PRODUCT_BUNDLE_IDENTIFIER = com.jlee.MatchMission;
				PRODUCT_NAME = "Match Mission";
				SWIFT_VERSION = 5.0;
				TARGETED_DEVICE_FAMILY = "1,2";
			};
			name = Debug;
		};
		F7FB428323C847E5006714EB /* Release */ = {
			isa = XCBuildConfiguration;
			buildSettings = {
				ASSETCATALOG_COMPILER_APPICON_NAME = AppIcon;
				CODE_SIGN_STYLE = Automatic;
				DEVELOPMENT_TEAM = SA29F4NK83;
				INFOPLIST_FILE = MatchMission/Info.plist;
				LD_RUNPATH_SEARCH_PATHS = (
					"$(inherited)",
					"@executable_path/Frameworks",
				);
				PRODUCT_BUNDLE_IDENTIFIER = com.jlee.MatchMission;
				PRODUCT_NAME = "Match Mission";
				SWIFT_VERSION = 5.0;
				TARGETED_DEVICE_FAMILY = "1,2";
			};
			name = Release;
		};
/* End XCBuildConfiguration section */

/* Begin XCConfigurationList section */
		F7FB426823C847E4006714EB /* Build configuration list for PBXProject "MatchMission" */ = {
			isa = XCConfigurationList;
			buildConfigurations = (
				F7FB427F23C847E5006714EB /* Debug */,
				F7FB428023C847E5006714EB /* Release */,
			);
			defaultConfigurationIsVisible = 0;
			defaultConfigurationName = Release;
		};
		F7FB428123C847E5006714EB /* Build configuration list for PBXNativeTarget "MemoryMatch" */ = {
			isa = XCConfigurationList;
			buildConfigurations = (
				F7FB428223C847E5006714EB /* Debug */,
				F7FB428323C847E5006714EB /* Release */,
			);
			defaultConfigurationIsVisible = 0;
			defaultConfigurationName = Release;
		};
/* End XCConfigurationList section */
	};
	rootObject = F7FB426523C847E4006714EB /* Project object */;
}
